{
  "object": {
    "pins": [
      {
        "package": "QuranAudioPlayerKit",
        "repositoryURL": "https://github.com/Quran-Audio/QuranAudioPlayerKit",
        "state": {
          "branch": null,
          "revision": "80acfb10feb39148628b8da91ca3402574acc9ad",
          "version": "1.0.5"
        }
      }
    ]
  },
  "version": 1
}
