{
  "object": {
    "pins": [
      {
        "package": "QuranAudioPlayerKit",
        "repositoryURL": "https://github.com/Quran-Audio/QuranAudioPlayerKit",
        "state": {
          "branch": null,
          "revision": "2fff0d9f7dae3f6208e09f1404362963aa71fa50",
          "version": "1.0.4"
        }
      }
    ]
  },
  "version": 1
}
