{
  "object": {
    "pins": [
      {
        "package": "QuranAudioPlayerKit",
        "repositoryURL": "https://github.com/Quran-Audio/QuranAudioPlayerKit",
        "state": {
          "branch": null,
          "revision": "9b8278754f3a361794d4c7d634c9d855e3efcd55",
          "version": "1.0.6"
        }
      }
    ]
  },
  "version": 1
}
